PODS:
  - flutter_ime (0.0.1):
    - FlutterMacOS
  - FlutterMacOS (1.0.0)

DEPENDENCIES:
  - flutter_ime (from `Flutter/ephemeral/.symlinks/plugins/flutter_ime/macos`)
  - FlutterMacOS (from `Flutter/ephemeral`)

EXTERNAL SOURCES:
  flutter_ime:
    :path: Flutter/ephemeral/.symlinks/plugins/flutter_ime/macos
  FlutterMacOS:
    :path: Flutter/ephemeral

SPEC CHECKSUMS:
  flutter_ime: e4eaa823d2c90adc83f6ff765117ad94ae2c6803
  FlutterMacOS: d0db08ddef1a9af05a5ec4b724367152bb0500b1

PODFILE CHECKSUM: 54d867c82ac51cbd61b565781b9fada492027009

COCOAPODS: 1.16.2
